{
  "name": "node-tcp-syn",
  "version": "0.1.0",
  "lockfileVersion": 3,
  "requires": true,
  "packages": {
    "": {
      "name": "node-tcp-syn",
      "version": "0.1.0",
      "hasInstallScript": true,
      "license": "MIT"
    },
    "../rwhologram/litlbit": {
      "name": "@rwhologram/litlbit",
      "version": "0.1.0",
      "extraneous": true,
      "license": "MIT"
    },
    "../rwhologram/netparse": {
      "name": "@rwhologram/netparse",
      "version": "0.1.0",
      "extraneous": true,
      "dependencies": {
        "@rwhologram/litlbit": "file:../litlbit"
      }
    }
  }
}
